
Microsoft Visual Studio Solution File, Format Version 12.00
# Visual Studio 15
VisualStudioVersion = 15.0.27130.2003
MinimumVisualStudioVersion = 10.0.40219.1
Project("{9092AA53-FB77-4645-B42D-1CCCA6BD08BD}") = "ideas-send-mail", "ideas-send-mail\ideas-send-mail.njsproj", "{578A5788-83CD-4DED-AEE2-08FB255A579A}"
EndProject
Global
	GlobalSection(SolutionConfigurationPlatforms) = preSolution
		Debug|Any CPU = Debug|Any CPU
		Release|Any CPU = Release|Any CPU
	EndGlobalSection
	GlobalSection(ProjectConfigurationPlatforms) = postSolution
		{578A5788-83CD-4DED-AEE2-08FB255A579A}.Debug|Any CPU.ActiveCfg = Debug|Any CPU
		{578A5788-83CD-4DED-AEE2-08FB255A579A}.Debug|Any CPU.Build.0 = Debug|Any CPU
		{578A5788-83CD-4DED-AEE2-08FB255A579A}.Release|Any CPU.ActiveCfg = Release|Any CPU
		{578A5788-83CD-4DED-AEE2-08FB255A579A}.Release|Any CPU.Build.0 = Release|Any CPU
	EndGlobalSection
	GlobalSection(SolutionProperties) = preSolution
		HideSolutionNode = FALSE
	EndGlobalSection
	GlobalSection(ExtensibilityGlobals) = postSolution
		SolutionGuid = {B5810AA7-8E8F-42B4-A7A9-B1E665265553}
	EndGlobalSection
EndGlobal
